
Microsoft Visual Studio Solution File, Format Version 12.00
# Visual Studio 2012
Project("{FAE04EC0-301F-11D3-BF4B-00C04F79EFBC}") = "Homesite.Web", "Homesite.Web\Homesite.Web.csproj", "{ED638DD5-E755-4B7A-940D-5C94AB425686}"
EndProject
Project("{FAE04EC0-301F-11D3-BF4B-00C04F79EFBC}") = "Homesite.Repository", "Homesite.Repository\Homesite.Repository.csproj", "{867346C6-812A-4D96-8BA4-56634F71EDF2}"
EndProject
Project("{FAE04EC0-301F-11D3-BF4B-00C04F79EFBC}") = "Homesite.Contracts", "Homesite.Contracts\Homesite.Contracts.csproj", "{433D0A3C-5A6E-48B6-A795-E76964AE36BB}"
EndProject
Project("{FAE04EC0-301F-11D3-BF4B-00C04F79EFBC}") = "Homesite.Data", "Homesite.Data\Homesite.Data.csproj", "{C514CD1D-56E7-400E-99B5-7856430D59D6}"
EndProject
Project("{FAE04EC0-301F-11D3-BF4B-00C04F79EFBC}") = "Homesite.Tests", "Homesite.Tests\Homesite.Tests.csproj", "{5E1CE963-3DB4-4A2C-AC3F-B7726CDF3FB7}"
EndProject
Global
	GlobalSection(SolutionConfigurationPlatforms) = preSolution
		Debug|Any CPU = Debug|Any CPU
		Release|Any CPU = Release|Any CPU
	EndGlobalSection
	GlobalSection(ProjectConfigurationPlatforms) = postSolution
		{ED638DD5-E755-4B7A-940D-5C94AB425686}.Debug|Any CPU.ActiveCfg = Debug|Any CPU
		{ED638DD5-E755-4B7A-940D-5C94AB425686}.Debug|Any CPU.Build.0 = Debug|Any CPU
		{ED638DD5-E755-4B7A-940D-5C94AB425686}.Release|Any CPU.ActiveCfg = Release|Any CPU
		{ED638DD5-E755-4B7A-940D-5C94AB425686}.Release|Any CPU.Build.0 = Release|Any CPU
		{867346C6-812A-4D96-8BA4-56634F71EDF2}.Debug|Any CPU.ActiveCfg = Debug|Any CPU
		{867346C6-812A-4D96-8BA4-56634F71EDF2}.Release|Any CPU.ActiveCfg = Release|Any CPU
		{867346C6-812A-4D96-8BA4-56634F71EDF2}.Release|Any CPU.Build.0 = Release|Any CPU
		{433D0A3C-5A6E-48B6-A795-E76964AE36BB}.Debug|Any CPU.ActiveCfg = Debug|Any CPU
		{433D0A3C-5A6E-48B6-A795-E76964AE36BB}.Debug|Any CPU.Build.0 = Debug|Any CPU
		{433D0A3C-5A6E-48B6-A795-E76964AE36BB}.Release|Any CPU.ActiveCfg = Release|Any CPU
		{433D0A3C-5A6E-48B6-A795-E76964AE36BB}.Release|Any CPU.Build.0 = Release|Any CPU
		{C514CD1D-56E7-400E-99B5-7856430D59D6}.Debug|Any CPU.ActiveCfg = Debug|Any CPU
		{C514CD1D-56E7-400E-99B5-7856430D59D6}.Debug|Any CPU.Build.0 = Debug|Any CPU
		{C514CD1D-56E7-400E-99B5-7856430D59D6}.Release|Any CPU.ActiveCfg = Release|Any CPU
		{C514CD1D-56E7-400E-99B5-7856430D59D6}.Release|Any CPU.Build.0 = Release|Any CPU
		{5E1CE963-3DB4-4A2C-AC3F-B7726CDF3FB7}.Debug|Any CPU.ActiveCfg = Debug|Any CPU
		{5E1CE963-3DB4-4A2C-AC3F-B7726CDF3FB7}.Debug|Any CPU.Build.0 = Debug|Any CPU
		{5E1CE963-3DB4-4A2C-AC3F-B7726CDF3FB7}.Release|Any CPU.ActiveCfg = Release|Any CPU
		{5E1CE963-3DB4-4A2C-AC3F-B7726CDF3FB7}.Release|Any CPU.Build.0 = Release|Any CPU
	EndGlobalSection
	GlobalSection(SolutionProperties) = preSolution
		HideSolutionNode = FALSE
	EndGlobalSection
EndGlobal
