
Microsoft Visual Studio Solution File, Format Version 12.00
# Visual Studio 2012
Project("{FAE04EC0-301F-11D3-BF4B-00C04F79EFBC}") = "FlaggLib4Net.Data.Oracle", "FlaggLib4Net.Data.Oracle\FlaggLib4Net.Data.Oracle.csproj", "{864856D8-5EDD-41CF-9815-EE7E4FA30C48}"
EndProject
Project("{FAE04EC0-301F-11D3-BF4B-00C04F79EFBC}") = "FlaggLib4Net.Repository", "FlaggLib4Net.Repository\FlaggLib4Net.Repository.csproj", "{4837D157-BDA5-4522-8F7D-F5311182A0B4}"
EndProject
Project("{FAE04EC0-301F-11D3-BF4B-00C04F79EFBC}") = "FlaggLib4Net.Web", "FlaggLib4Net.Web\FlaggLib4Net.Web.csproj", "{9343E064-4595-480D-8666-B89E8A30F666}"
EndProject
Project("{FAE04EC0-301F-11D3-BF4B-00C04F79EFBC}") = "FlaggLib4Net.Tests", "FlaggLib4Net.Tests\FlaggLib4Net.Tests.csproj", "{2C503033-E108-43A3-B200-B721FDE76FB7}"
EndProject
Project("{FAE04EC0-301F-11D3-BF4B-00C04F79EFBC}") = "FlaggLib4Net.Data.Postgresql", "FlaggLib4Net.Data.Postgresql\FlaggLib4Net.Data.Postgresql.csproj", "{4AE50BF4-A0E9-4D3F-8052-31D6AAE6F217}"
EndProject
Project("{FAE04EC0-301F-11D3-BF4B-00C04F79EFBC}") = "FlaggLib4Net.Build.MSBuild", "FlaggLib4Net.Build.MSBuild\FlaggLib4Net.Build.MSBuild.csproj", "{9CD47966-64B1-4973-8D44-E8638F0B1572}"
EndProject
Project("{FAE04EC0-301F-11D3-BF4B-00C04F79EFBC}") = "FlaggLib4Net.IO", "FlaggLib4Net.IO\FlaggLib4Net.IO.csproj", "{23D10630-96E9-4049-872B-7CC2E4973D08}"
EndProject
Global
	GlobalSection(SolutionConfigurationPlatforms) = preSolution
		Debug|Any CPU = Debug|Any CPU
		Release|Any CPU = Release|Any CPU
	EndGlobalSection
	GlobalSection(ProjectConfigurationPlatforms) = postSolution
		{864856D8-5EDD-41CF-9815-EE7E4FA30C48}.Debug|Any CPU.ActiveCfg = Debug|Any CPU
		{864856D8-5EDD-41CF-9815-EE7E4FA30C48}.Debug|Any CPU.Build.0 = Debug|Any CPU
		{864856D8-5EDD-41CF-9815-EE7E4FA30C48}.Release|Any CPU.ActiveCfg = Release|Any CPU
		{864856D8-5EDD-41CF-9815-EE7E4FA30C48}.Release|Any CPU.Build.0 = Release|Any CPU
		{4837D157-BDA5-4522-8F7D-F5311182A0B4}.Debug|Any CPU.ActiveCfg = Debug|Any CPU
		{4837D157-BDA5-4522-8F7D-F5311182A0B4}.Release|Any CPU.ActiveCfg = Release|Any CPU
		{4837D157-BDA5-4522-8F7D-F5311182A0B4}.Release|Any CPU.Build.0 = Release|Any CPU
		{9343E064-4595-480D-8666-B89E8A30F666}.Debug|Any CPU.ActiveCfg = Debug|Any CPU
		{9343E064-4595-480D-8666-B89E8A30F666}.Debug|Any CPU.Build.0 = Debug|Any CPU
		{9343E064-4595-480D-8666-B89E8A30F666}.Release|Any CPU.ActiveCfg = Release|Any CPU
		{9343E064-4595-480D-8666-B89E8A30F666}.Release|Any CPU.Build.0 = Release|Any CPU
		{2C503033-E108-43A3-B200-B721FDE76FB7}.Debug|Any CPU.ActiveCfg = Debug|Any CPU
		{2C503033-E108-43A3-B200-B721FDE76FB7}.Debug|Any CPU.Build.0 = Debug|Any CPU
		{2C503033-E108-43A3-B200-B721FDE76FB7}.Release|Any CPU.ActiveCfg = Release|Any CPU
		{2C503033-E108-43A3-B200-B721FDE76FB7}.Release|Any CPU.Build.0 = Release|Any CPU
		{4AE50BF4-A0E9-4D3F-8052-31D6AAE6F217}.Debug|Any CPU.ActiveCfg = Debug|Any CPU
		{4AE50BF4-A0E9-4D3F-8052-31D6AAE6F217}.Debug|Any CPU.Build.0 = Debug|Any CPU
		{4AE50BF4-A0E9-4D3F-8052-31D6AAE6F217}.Release|Any CPU.ActiveCfg = Release|Any CPU
		{4AE50BF4-A0E9-4D3F-8052-31D6AAE6F217}.Release|Any CPU.Build.0 = Release|Any CPU
		{9CD47966-64B1-4973-8D44-E8638F0B1572}.Debug|Any CPU.ActiveCfg = Debug|Any CPU
		{9CD47966-64B1-4973-8D44-E8638F0B1572}.Debug|Any CPU.Build.0 = Debug|Any CPU
		{9CD47966-64B1-4973-8D44-E8638F0B1572}.Release|Any CPU.ActiveCfg = Release|Any CPU
		{9CD47966-64B1-4973-8D44-E8638F0B1572}.Release|Any CPU.Build.0 = Release|Any CPU
		{23D10630-96E9-4049-872B-7CC2E4973D08}.Debug|Any CPU.ActiveCfg = Debug|Any CPU
		{23D10630-96E9-4049-872B-7CC2E4973D08}.Debug|Any CPU.Build.0 = Debug|Any CPU
		{23D10630-96E9-4049-872B-7CC2E4973D08}.Release|Any CPU.ActiveCfg = Release|Any CPU
		{23D10630-96E9-4049-872B-7CC2E4973D08}.Release|Any CPU.Build.0 = Release|Any CPU
	EndGlobalSection
	GlobalSection(SolutionProperties) = preSolution
		HideSolutionNode = FALSE
	EndGlobalSection
EndGlobal
